
Microsoft Visual Studio Solution File, Format Version 12.00
# Visual Studio Version 17
VisualStudioVersion = 17.5.33424.131
MinimumVisualStudioVersion = 10.0.40219.1
Project("{9A19103F-16F7-4668-BE54-9A1E7A4F7556}") = "SecelPartner.UI", "src\SecelPartner\SecelPartner.UI.csproj", "{75D246C3-0BE9-4442-848A-F03109514F8C}"
EndProject
Project("{9A19103F-16F7-4668-BE54-9A1E7A4F7556}") = "SecelPartner.Core", "src\SecelPartner.Core\SecelPartner.Core.csproj", "{DA196557-A11C-4641-A423-D012684DBC95}"
EndProject
Project("{9A19103F-16F7-4668-BE54-9A1E7A4F7556}") = "SecelPartner.Infrastructure", "src\SecelPartner.infrastructure\SecelPartner.Infrastructure.csproj", "{C2410081-AB0F-4B44-817D-3B8827B93DF9}"
EndProject
Project("{2150E333-8FDC-42A3-9474-1A3956D46DE8}") = "src", "src", "{E09E557E-D43C-4742-BC57-ADD434FBC8E9}"
EndProject
Project("{2150E333-8FDC-42A3-9474-1A3956D46DE8}") = "tests", "tests", "{0D3D4E08-781A-4D6E-8CA2-68F8F228C67E}"
EndProject
Global
	GlobalSection(SolutionConfigurationPlatforms) = preSolution
		Debug|Any CPU = Debug|Any CPU
		Release|Any CPU = Release|Any CPU
	EndGlobalSection
	GlobalSection(ProjectConfigurationPlatforms) = postSolution
		{75D246C3-0BE9-4442-848A-F03109514F8C}.Debug|Any CPU.ActiveCfg = Debug|Any CPU
		{75D246C3-0BE9-4442-848A-F03109514F8C}.Debug|Any CPU.Build.0 = Debug|Any CPU
		{75D246C3-0BE9-4442-848A-F03109514F8C}.Release|Any CPU.ActiveCfg = Release|Any CPU
		{75D246C3-0BE9-4442-848A-F03109514F8C}.Release|Any CPU.Build.0 = Release|Any CPU
		{DA196557-A11C-4641-A423-D012684DBC95}.Debug|Any CPU.ActiveCfg = Debug|Any CPU
		{DA196557-A11C-4641-A423-D012684DBC95}.Debug|Any CPU.Build.0 = Debug|Any CPU
		{DA196557-A11C-4641-A423-D012684DBC95}.Release|Any CPU.ActiveCfg = Release|Any CPU
		{DA196557-A11C-4641-A423-D012684DBC95}.Release|Any CPU.Build.0 = Release|Any CPU
		{C2410081-AB0F-4B44-817D-3B8827B93DF9}.Debug|Any CPU.ActiveCfg = Debug|Any CPU
		{C2410081-AB0F-4B44-817D-3B8827B93DF9}.Debug|Any CPU.Build.0 = Debug|Any CPU
		{C2410081-AB0F-4B44-817D-3B8827B93DF9}.Release|Any CPU.ActiveCfg = Release|Any CPU
		{C2410081-AB0F-4B44-817D-3B8827B93DF9}.Release|Any CPU.Build.0 = Release|Any CPU
	EndGlobalSection
	GlobalSection(SolutionProperties) = preSolution
		HideSolutionNode = FALSE
	EndGlobalSection
	GlobalSection(NestedProjects) = preSolution
		{75D246C3-0BE9-4442-848A-F03109514F8C} = {E09E557E-D43C-4742-BC57-ADD434FBC8E9}
		{DA196557-A11C-4641-A423-D012684DBC95} = {E09E557E-D43C-4742-BC57-ADD434FBC8E9}
		{C2410081-AB0F-4B44-817D-3B8827B93DF9} = {E09E557E-D43C-4742-BC57-ADD434FBC8E9}
	EndGlobalSection
	GlobalSection(ExtensibilityGlobals) = postSolution
		SolutionGuid = {F7DE9FB3-3C26-4AE2-8C0E-9BE0FD94759C}
	EndGlobalSection
EndGlobal
